<?xml version="1.0" encoding="UTF-8" standalone="yes" ?>
<CodeBlocks_project_file>
	<FileVersion major="1" minor="6" />
	<Project>
		<Option title="LD22mrw" />
		<Option pch_mode="2" />
		<Option compiler="gcc" />
		<Build>
			<Target title="Debug">
				<Option output="bin\LD22mrw_d" prefix_auto="1" extension_auto="1" />
				<Option working_dir="bin" />
				<Option object_output="obj\Debug\" />
				<Option type="1" />
				<Option compiler="gcc" />
				<Compiler>
					<Add option="-g" />
					<Add option="-D_DEBUG" />
				</Compiler>
			</Target>
			<Target title="Release">
				<Option output="bin\LD22mrw" prefix_auto="1" extension_auto="1" />
				<Option working_dir="bin" />
				<Option object_output="obj\Release\" />
				<Option type="0" />
				<Option compiler="gcc" />
				<Compiler>
					<Add option="-O2" />
				</Compiler>
				<Linker>
					<Add option="-s" />
				</Linker>
			</Target>
		</Build>
		<Compiler>
			<Add option="-Wall" />
			<Add option="-fexceptions" />
		</Compiler>
		<Linker>
			<Add library="sfml-graphics" />
			<Add library="sfml-window" />
			<Add library="sfml-audio" />
			<Add library="sfml-system" />
			<Add library="box2d" />
			<Add library="opengl32" />
		</Linker>
		<Unit filename="Constants.cpp" />
		<Unit filename="Constants.h" />
		<Unit filename="EditAction.h" />
		<Unit filename="EditAction_Click.cpp" />
		<Unit filename="EditAction_Click.h" />
		<Unit filename="EditAction_NewKiller.cpp" />
		<Unit filename="EditAction_NewKiller.h" />
		<Unit filename="EditAction_NewLevelchange.cpp" />
		<Unit filename="EditAction_NewLevelchange.h" />
		<Unit filename="EditAction_NewStaticRect.cpp" />
		<Unit filename="EditAction_NewStaticRect.h" />
		<Unit filename="EditAction_Remove.cpp" />
		<Unit filename="EditAction_Remove.h" />
		<Unit filename="EventListener.cpp" />
		<Unit filename="EventListener.h" />
		<Unit filename="EventListenerList.cpp" />
		<Unit filename="EventListenerList.h" />
		<Unit filename="Helpers.cpp" />
		<Unit filename="Helpers.h" />
		<Unit filename="Level.cpp" />
		<Unit filename="Level.h" />
		<Unit filename="Object.cpp" />
		<Unit filename="Object.h" />
		<Unit filename="Particle.cpp" />
		<Unit filename="Particle.h" />
		<Unit filename="ParticleSystem.cpp" />
		<Unit filename="ParticleSystem.h" />
		<Unit filename="Player.cpp" />
		<Unit filename="Player.h" />
		<Unit filename="StaticRect.cpp" />
		<Unit filename="StaticRect.h" />
		<Unit filename="Textures.h" />
		<Unit filename="Trigger.cpp" />
		<Unit filename="Trigger.h" />
		<Unit filename="TriggerKill.cpp" />
		<Unit filename="TriggerKill.h" />
		<Unit filename="TriggerLevelchange.cpp" />
		<Unit filename="TriggerLevelchange.h" />
		<Unit filename="UI.cpp" />
		<Unit filename="UI.h" />
		<Unit filename="UIElement.cpp" />
		<Unit filename="UIElement.h" />
		<Unit filename="UIText.cpp" />
		<Unit filename="UIText.h" />
		<Unit filename="main.cpp" />
		<Unit filename="sfmlBox2DDebugDraw.cpp" />
		<Unit filename="sfmlBox2DDebugDraw.h" />
		<Extensions>
			<code_completion />
			<envvars />
			<debugger />
			<lib_finder disable_auto="1" />
		</Extensions>
	</Project>
</CodeBlocks_project_file>
